
Microsoft Visual Studio Solution File, Format Version 12.00
# Visual Studio Version 16
VisualStudioVersion = 16.0.29613.14
MinimumVisualStudioVersion = 10.0.40219.1
Project("{FAE04EC0-301F-11D3-BF4B-00C04F79EFBC}") = "04", "04\04.csproj", "{2E5DAFCF-948B-4A3A-BE10-3651070E82A2}"
EndProject
Global
	GlobalSection(SolutionConfigurationPlatforms) = preSolution
		Debug|Any CPU = Debug|Any CPU
		Release|Any CPU = Release|Any CPU
	EndGlobalSection
	GlobalSection(ProjectConfigurationPlatforms) = postSolution
		{2E5DAFCF-948B-4A3A-BE10-3651070E82A2}.Debug|Any CPU.ActiveCfg = Debug|Any CPU
		{2E5DAFCF-948B-4A3A-BE10-3651070E82A2}.Debug|Any CPU.Build.0 = Debug|Any CPU
		{2E5DAFCF-948B-4A3A-BE10-3651070E82A2}.Release|Any CPU.ActiveCfg = Release|Any CPU
		{2E5DAFCF-948B-4A3A-BE10-3651070E82A2}.Release|Any CPU.Build.0 = Release|Any CPU
	EndGlobalSection
	GlobalSection(SolutionProperties) = preSolution
		HideSolutionNode = FALSE
	EndGlobalSection
	GlobalSection(ExtensibilityGlobals) = postSolution
		SolutionGuid = {14771289-4366-41AD-86C5-D328FFD6708E}
	EndGlobalSection
EndGlobal
